
Microsoft Visual Studio Solution File, Format Version 12.00
# Visual Studio 15
Project("{FAE04EC0-301F-11D3-BF4B-00C04F79EFBC}") = "Assembly-CSharp", "Assembly-CSharp.csproj", "{5FFB15B3-744A-96B8-9087-88EC1FFAA84E}"
EndProject
Global
	GlobalSection(SolutionConfigurationPlatforms) = preSolution
		Debug|Any CPU = Debug|Any CPU
		Release|Any CPU = Release|Any CPU
	EndGlobalSection
	GlobalSection(ProjectConfigurationPlatforms) = postSolution
		{5FFB15B3-744A-96B8-9087-88EC1FFAA84E}.Debug|Any CPU.ActiveCfg = Debug|Any CPU
		{5FFB15B3-744A-96B8-9087-88EC1FFAA84E}.Debug|Any CPU.Build.0 = Debug|Any CPU
		{5FFB15B3-744A-96B8-9087-88EC1FFAA84E}.Release|Any CPU.ActiveCfg = Release|Any CPU
		{5FFB15B3-744A-96B8-9087-88EC1FFAA84E}.Release|Any CPU.Build.0 = Release|Any CPU
	EndGlobalSection
	GlobalSection(SolutionProperties) = preSolution
		HideSolutionNode = FALSE
	EndGlobalSection
EndGlobal
